<?xml version="1.0" encoding="utf-8"?>
<Project ToolsVersion="4.0" xmlns="http://schemas.microsoft.com/developer/msbuild/2003">
  <ItemGroup>
    <Filter Include="Core">
      <UniqueIdentifier>{2a21ead3-d776-4371-a0cd-5e8937564d82}</UniqueIdentifier>
    </Filter>
  </ItemGroup>
  <ItemGroup>
    <ClCompile Include="240109_ArrayResize.cpp">
      <Filter>Core</Filter>
    </ClCompile>
  </ItemGroup>
</Project>